// !$*UTF8*$!
{
	archiveVersion = 1;
	classes = {
	};
	objectVersion = 48;
	objects = {

/* Begin PBXBuildFile section */
		143B37BD207B7D0B00A682A5 /* main.cpp in Sources */ = {isa = PBXBuildFile; fileRef = 143B37BC207B7D0B00A682A5 /* main.cpp */; };
		143B37CA207B7D3100A682A5 /* main.cpp in Sources */ = {isa = PBXBuildFile; fileRef = 143B37C9207B7D3100A682A5 /* main.cpp */; };
		143B37D5207B836A00A682A5 /* main.cpp in Sources */ = {isa = PBXBuildFile; fileRef = 143B37D4207B836A00A682A5 /* main.cpp */; };
		143B37E0207B892400A682A5 /* main.cpp in Sources */ = {isa = PBXBuildFile; fileRef = 143B37DF207B892400A682A5 /* main.cpp */; };
		143B37EB207C8D6800A682A5 /* main.cpp in Sources */ = {isa = PBXBuildFile; fileRef = 143B37EA207C8D6800A682A5 /* main.cpp */; };
		143B37F6207CCEBC00A682A5 /* main.cpp in Sources */ = {isa = PBXBuildFile; fileRef = 143B37F5207CCEBC00A682A5 /* main.cpp */; };
/* End PBXBuildFile section */

/* Begin PBXCopyFilesBuildPhase section */
		143B37B7207B7D0B00A682A5 /* CopyFiles */ = {
			isa = PBXCopyFilesBuildPhase;
			buildActionMask = 2147483647;
			dstPath = /usr/share/man/man1/;
			dstSubfolderSpec = 0;
			files = (
			);
			runOnlyForDeploymentPostprocessing = 1;
		};
		143B37C5207B7D3100A682A5 /* CopyFiles */ = {
			isa = PBXCopyFilesBuildPhase;
			buildActionMask = 2147483647;
			dstPath = /usr/share/man/man1/;
			dstSubfolderSpec = 0;
			files = (
			);
			runOnlyForDeploymentPostprocessing = 1;
		};
		143B37D0207B836A00A682A5 /* CopyFiles */ = {
			isa = PBXCopyFilesBuildPhase;
			buildActionMask = 2147483647;
			dstPath = /usr/share/man/man1/;
			dstSubfolderSpec = 0;
			files = (
			);
			runOnlyForDeploymentPostprocessing = 1;
		};
		143B37DB207B892300A682A5 /* CopyFiles */ = {
			isa = PBXCopyFilesBuildPhase;
			buildActionMask = 2147483647;
			dstPath = /usr/share/man/man1/;
			dstSubfolderSpec = 0;
			files = (
			);
			runOnlyForDeploymentPostprocessing = 1;
		};
		143B37E6207C8D6800A682A5 /* CopyFiles */ = {
			isa = PBXCopyFilesBuildPhase;
			buildActionMask = 2147483647;
			dstPath = /usr/share/man/man1/;
			dstSubfolderSpec = 0;
			files = (
			);
			runOnlyForDeploymentPostprocessing = 1;
		};
		143B37F1207CCEBC00A682A5 /* CopyFiles */ = {
			isa = PBXCopyFilesBuildPhase;
			buildActionMask = 2147483647;
			dstPath = /usr/share/man/man1/;
			dstSubfolderSpec = 0;
			files = (
			);
			runOnlyForDeploymentPostprocessing = 1;
		};
/* End PBXCopyFilesBuildPhase section */

/* Begin PBXFileReference section */
		143B37B9207B7D0B00A682A5 /* ACM */ = {isa = PBXFileReference; explicitFileType = "compiled.mach-o.executable"; includeInIndex = 0; path = ACM; sourceTree = BUILT_PRODUCTS_DIR; };
		143B37BC207B7D0B00A682A5 /* main.cpp */ = {isa = PBXFileReference; lastKnownFileType = sourcecode.cpp.cpp; path = main.cpp; sourceTree = "<group>"; };
		143B37C7207B7D3100A682A5 /* 1000 */ = {isa = PBXFileReference; explicitFileType = "compiled.mach-o.executable"; includeInIndex = 0; path = 1000; sourceTree = BUILT_PRODUCTS_DIR; };
		143B37C9207B7D3100A682A5 /* main.cpp */ = {isa = PBXFileReference; lastKnownFileType = sourcecode.cpp.cpp; path = main.cpp; sourceTree = "<group>"; };
		143B37D2207B836A00A682A5 /* 1001 */ = {isa = PBXFileReference; explicitFileType = "compiled.mach-o.executable"; includeInIndex = 0; path = 1001; sourceTree = BUILT_PRODUCTS_DIR; };
		143B37D4207B836A00A682A5 /* main.cpp */ = {isa = PBXFileReference; lastKnownFileType = sourcecode.cpp.cpp; path = main.cpp; sourceTree = "<group>"; };
		143B37DD207B892300A682A5 /* 1002 */ = {isa = PBXFileReference; explicitFileType = "compiled.mach-o.executable"; includeInIndex = 0; path = 1002; sourceTree = BUILT_PRODUCTS_DIR; };
		143B37DF207B892400A682A5 /* main.cpp */ = {isa = PBXFileReference; lastKnownFileType = sourcecode.cpp.cpp; path = main.cpp; sourceTree = "<group>"; };
		143B37E8207C8D6800A682A5 /* 1003 */ = {isa = PBXFileReference; explicitFileType = "compiled.mach-o.executable"; includeInIndex = 0; path = 1003; sourceTree = BUILT_PRODUCTS_DIR; };
		143B37EA207C8D6800A682A5 /* main.cpp */ = {isa = PBXFileReference; lastKnownFileType = sourcecode.cpp.cpp; path = main.cpp; sourceTree = "<group>"; };
		143B37F3207CCEBC00A682A5 /* 1004 */ = {isa = PBXFileReference; explicitFileType = "compiled.mach-o.executable"; includeInIndex = 0; path = 1004; sourceTree = BUILT_PRODUCTS_DIR; };
		143B37F5207CCEBC00A682A5 /* main.cpp */ = {isa = PBXFileReference; lastKnownFileType = sourcecode.cpp.cpp; path = main.cpp; sourceTree = "<group>"; };
/* End PBXFileReference section */

/* Begin PBXFrameworksBuildPhase section */
		143B37B6207B7D0B00A682A5 /* Frameworks */ = {
			isa = PBXFrameworksBuildPhase;
			buildActionMask = 2147483647;
			files = (
			);
			runOnlyForDeploymentPostprocessing = 0;
		};
		143B37C4207B7D3100A682A5 /* Frameworks */ = {
			isa = PBXFrameworksBuildPhase;
			buildActionMask = 2147483647;
			files = (
			);
			runOnlyForDeploymentPostprocessing = 0;
		};
		143B37CF207B836A00A682A5 /* Frameworks */ = {
			isa = PBXFrameworksBuildPhase;
			buildActionMask = 2147483647;
			files = (
			);
			runOnlyForDeploymentPostprocessing = 0;
		};
		143B37DA207B892300A682A5 /* Frameworks */ = {
			isa = PBXFrameworksBuildPhase;
			buildActionMask = 2147483647;
			files = (
			);
			runOnlyForDeploymentPostprocessing = 0;
		};
		143B37E5207C8D6800A682A5 /* Frameworks */ = {
			isa = PBXFrameworksBuildPhase;
			buildActionMask = 2147483647;
			files = (
			);
			runOnlyForDeploymentPostprocessing = 0;
		};
		143B37F0207CCEBC00A682A5 /* Frameworks */ = {
			isa = PBXFrameworksBuildPhase;
			buildActionMask = 2147483647;
			files = (
			);
			runOnlyForDeploymentPostprocessing = 0;
		};
/* End PBXFrameworksBuildPhase section */

/* Begin PBXGroup section */
		143B37B0207B7D0B00A682A5 = {
			isa = PBXGroup;
			children = (
				143B37BB207B7D0B00A682A5 /* ACM */,
				143B37C8207B7D3100A682A5 /* 1000 */,
				143B37D3207B836A00A682A5 /* 1001 */,
				143B37DE207B892400A682A5 /* 1002 */,
				143B37E9207C8D6800A682A5 /* 1003 */,
				143B37F4207CCEBC00A682A5 /* 1004 */,
				143B37BA207B7D0B00A682A5 /* Products */,
			);
			sourceTree = "<group>";
		};
		143B37BA207B7D0B00A682A5 /* Products */ = {
			isa = PBXGroup;
			children = (
				143B37B9207B7D0B00A682A5 /* ACM */,
				143B37C7207B7D3100A682A5 /* 1000 */,
				143B37D2207B836A00A682A5 /* 1001 */,
				143B37DD207B892300A682A5 /* 1002 */,
				143B37E8207C8D6800A682A5 /* 1003 */,
				143B37F3207CCEBC00A682A5 /* 1004 */,
			);
			name = Products;
			sourceTree = "<group>";
		};
		143B37BB207B7D0B00A682A5 /* ACM */ = {
			isa = PBXGroup;
			children = (
				143B37BC207B7D0B00A682A5 /* main.cpp */,
			);
			path = ACM;
			sourceTree = "<group>";
		};
		143B37C8207B7D3100A682A5 /* 1000 */ = {
			isa = PBXGroup;
			children = (
				143B37C9207B7D3100A682A5 /* main.cpp */,
			);
			path = 1000;
			sourceTree = "<group>";
		};
		143B37D3207B836A00A682A5 /* 1001 */ = {
			isa = PBXGroup;
			children = (
				143B37D4207B836A00A682A5 /* main.cpp */,
			);
			path = 1001;
			sourceTree = "<group>";
		};
		143B37DE207B892400A682A5 /* 1002 */ = {
			isa = PBXGroup;
			children = (
				143B37DF207B892400A682A5 /* main.cpp */,
			);
			path = 1002;
			sourceTree = "<group>";
		};
		143B37E9207C8D6800A682A5 /* 1003 */ = {
			isa = PBXGroup;
			children = (
				143B37EA207C8D6800A682A5 /* main.cpp */,
			);
			path = 1003;
			sourceTree = "<group>";
		};
		143B37F4207CCEBC00A682A5 /* 1004 */ = {
			isa = PBXGroup;
			children = (
				143B37F5207CCEBC00A682A5 /* main.cpp */,
			);
			path = 1004;
			sourceTree = "<group>";
		};
/* End PBXGroup section */

/* Begin PBXNativeTarget section */
		143B37B8207B7D0B00A682A5 /* ACM */ = {
			isa = PBXNativeTarget;
			buildConfigurationList = 143B37C0207B7D0B00A682A5 /* Build configuration list for PBXNativeTarget "ACM" */;
			buildPhases = (
				143B37B5207B7D0B00A682A5 /* Sources */,
				143B37B6207B7D0B00A682A5 /* Frameworks */,
				143B37B7207B7D0B00A682A5 /* CopyFiles */,
			);
			buildRules = (
			);
			dependencies = (
			);
			name = ACM;
			productName = ACM;
			productReference = 143B37B9207B7D0B00A682A5 /* ACM */;
			productType = "com.apple.product-type.tool";
		};
		143B37C6207B7D3100A682A5 /* 1000 */ = {
			isa = PBXNativeTarget;
			buildConfigurationList = 143B37CB207B7D3100A682A5 /* Build configuration list for PBXNativeTarget "1000" */;
			buildPhases = (
				143B37C3207B7D3100A682A5 /* Sources */,
				143B37C4207B7D3100A682A5 /* Frameworks */,
				143B37C5207B7D3100A682A5 /* CopyFiles */,
			);
			buildRules = (
			);
			dependencies = (
			);
			name = 1000;
			productName = 1000;
			productReference = 143B37C7207B7D3100A682A5 /* 1000 */;
			productType = "com.apple.product-type.tool";
		};
		143B37D1207B836A00A682A5 /* 1001 */ = {
			isa = PBXNativeTarget;
			buildConfigurationList = 143B37D6207B836A00A682A5 /* Build configuration list for PBXNativeTarget "1001" */;
			buildPhases = (
				143B37CE207B836A00A682A5 /* Sources */,
				143B37CF207B836A00A682A5 /* Frameworks */,
				143B37D0207B836A00A682A5 /* CopyFiles */,
			);
			buildRules = (
			);
			dependencies = (
			);
			name = 1001;
			productName = 1001;
			productReference = 143B37D2207B836A00A682A5 /* 1001 */;
			productType = "com.apple.product-type.tool";
		};
		143B37DC207B892300A682A5 /* 1002 */ = {
			isa = PBXNativeTarget;
			buildConfigurationList = 143B37E1207B892400A682A5 /* Build configuration list for PBXNativeTarget "1002" */;
			buildPhases = (
				143B37D9207B892300A682A5 /* Sources */,
				143B37DA207B892300A682A5 /* Frameworks */,
				143B37DB207B892300A682A5 /* CopyFiles */,
			);
			buildRules = (
			);
			dependencies = (
			);
			name = 1002;
			productName = 1002;
			productReference = 143B37DD207B892300A682A5 /* 1002 */;
			productType = "com.apple.product-type.tool";
		};
		143B37E7207C8D6800A682A5 /* 1003 */ = {
			isa = PBXNativeTarget;
			buildConfigurationList = 143B37EE207C8D6800A682A5 /* Build configuration list for PBXNativeTarget "1003" */;
			buildPhases = (
				143B37E4207C8D6800A682A5 /* Sources */,
				143B37E5207C8D6800A682A5 /* Frameworks */,
				143B37E6207C8D6800A682A5 /* CopyFiles */,
			);
			buildRules = (
			);
			dependencies = (
			);
			name = 1003;
			productName = 1003;
			productReference = 143B37E8207C8D6800A682A5 /* 1003 */;
			productType = "com.apple.product-type.tool";
		};
		143B37F2207CCEBC00A682A5 /* 1004 */ = {
			isa = PBXNativeTarget;
			buildConfigurationList = 143B37F7207CCEBC00A682A5 /* Build configuration list for PBXNativeTarget "1004" */;
			buildPhases = (
				143B37EF207CCEBC00A682A5 /* Sources */,
				143B37F0207CCEBC00A682A5 /* Frameworks */,
				143B37F1207CCEBC00A682A5 /* CopyFiles */,
			);
			buildRules = (
			);
			dependencies = (
			);
			name = 1004;
			productName = 1004;
			productReference = 143B37F3207CCEBC00A682A5 /* 1004 */;
			productType = "com.apple.product-type.tool";
		};
/* End PBXNativeTarget section */

/* Begin PBXProject section */
		143B37B1207B7D0B00A682A5 /* Project object */ = {
			isa = PBXProject;
			attributes = {
				LastUpgradeCheck = 0920;
				ORGANIZATIONNAME = "成";
				TargetAttributes = {
					143B37B8207B7D0B00A682A5 = {
						CreatedOnToolsVersion = 9.2;
						ProvisioningStyle = Automatic;
					};
					143B37C6207B7D3100A682A5 = {
						CreatedOnToolsVersion = 9.2;
						ProvisioningStyle = Automatic;
					};
					143B37D1207B836A00A682A5 = {
						CreatedOnToolsVersion = 9.2;
						ProvisioningStyle = Automatic;
					};
					143B37DC207B892300A682A5 = {
						CreatedOnToolsVersion = 9.2;
						ProvisioningStyle = Automatic;
					};
					143B37E7207C8D6800A682A5 = {
						CreatedOnToolsVersion = 9.2;
						ProvisioningStyle = Automatic;
					};
					143B37F2207CCEBC00A682A5 = {
						CreatedOnToolsVersion = 9.2;
						ProvisioningStyle = Automatic;
					};
				};
			};
			buildConfigurationList = 143B37B4207B7D0B00A682A5 /* Build configuration list for PBXProject "ACM" */;
			compatibilityVersion = "Xcode 8.0";
			developmentRegion = en;
			hasScannedForEncodings = 0;
			knownRegions = (
				en,
			);
			mainGroup = 143B37B0207B7D0B00A682A5;
			productRefGroup = 143B37BA207B7D0B00A682A5 /* Products */;
			projectDirPath = "";
			projectRoot = "";
			targets = (
				143B37B8207B7D0B00A682A5 /* ACM */,
				143B37C6207B7D3100A682A5 /* 1000 */,
				143B37D1207B836A00A682A5 /* 1001 */,
				143B37DC207B892300A682A5 /* 1002 */,
				143B37E7207C8D6800A682A5 /* 1003 */,
				143B37F2207CCEBC00A682A5 /* 1004 */,
			);
		};
/* End PBXProject section */

/* Begin PBXSourcesBuildPhase section */
		143B37B5207B7D0B00A682A5 /* Sources */ = {
			isa = PBXSourcesBuildPhase;
			buildActionMask = 2147483647;
			files = (
				143B37BD207B7D0B00A682A5 /* main.cpp in Sources */,
			);
			runOnlyForDeploymentPostprocessing = 0;
		};
		143B37C3207B7D3100A682A5 /* Sources */ = {
			isa = PBXSourcesBuildPhase;
			buildActionMask = 2147483647;
			files = (
				143B37CA207B7D3100A682A5 /* main.cpp in Sources */,
			);
			runOnlyForDeploymentPostprocessing = 0;
		};
		143B37CE207B836A00A682A5 /* Sources */ = {
			isa = PBXSourcesBuildPhase;
			buildActionMask = 2147483647;
			files = (
				143B37D5207B836A00A682A5 /* main.cpp in Sources */,
			);
			runOnlyForDeploymentPostprocessing = 0;
		};
		143B37D9207B892300A682A5 /* Sources */ = {
			isa = PBXSourcesBuildPhase;
			buildActionMask = 2147483647;
			files = (
				143B37E0207B892400A682A5 /* main.cpp in Sources */,
			);
			runOnlyForDeploymentPostprocessing = 0;
		};
		143B37E4207C8D6800A682A5 /* Sources */ = {
			isa = PBXSourcesBuildPhase;
			buildActionMask = 2147483647;
			files = (
				143B37EB207C8D6800A682A5 /* main.cpp in Sources */,
			);
			runOnlyForDeploymentPostprocessing = 0;
		};
		143B37EF207CCEBC00A682A5 /* Sources */ = {
			isa = PBXSourcesBuildPhase;
			buildActionMask = 2147483647;
			files = (
				143B37F6207CCEBC00A682A5 /* main.cpp in Sources */,
			);
			runOnlyForDeploymentPostprocessing = 0;
		};
/* End PBXSourcesBuildPhase section */

/* Begin XCBuildConfiguration section */
		143B37BE207B7D0B00A682A5 /* Debug */ = {
			isa = XCBuildConfiguration;
			buildSettings = {
				ALWAYS_SEARCH_USER_PATHS = NO;
				CLANG_ANALYZER_NONNULL = YES;
				CLANG_ANALYZER_NUMBER_OBJECT_CONVERSION = YES_AGGRESSIVE;
				CLANG_CXX_LANGUAGE_STANDARD = "gnu++14";
				CLANG_CXX_LIBRARY = "libc++";
				CLANG_ENABLE_MODULES = YES;
				CLANG_ENABLE_OBJC_ARC = YES;
				CLANG_WARN_BLOCK_CAPTURE_AUTORELEASING = YES;
				CLANG_WARN_BOOL_CONVERSION = YES;
				CLANG_WARN_COMMA = YES;
				CLANG_WARN_CONSTANT_CONVERSION = YES;
				CLANG_WARN_DIRECT_OBJC_ISA_USAGE = YES_ERROR;
				CLANG_WARN_DOCUMENTATION_COMMENTS = YES;
				CLANG_WARN_EMPTY_BODY = YES;
				CLANG_WARN_ENUM_CONVERSION = YES;
				CLANG_WARN_INFINITE_RECURSION = YES;
				CLANG_WARN_INT_CONVERSION = YES;
				CLANG_WARN_NON_LITERAL_NULL_CONVERSION = YES;
				CLANG_WARN_OBJC_LITERAL_CONVERSION = YES;
				CLANG_WARN_OBJC_ROOT_CLASS = YES_ERROR;
				CLANG_WARN_RANGE_LOOP_ANALYSIS = YES;
				CLANG_WARN_STRICT_PROTOTYPES = YES;
				CLANG_WARN_SUSPICIOUS_MOVE = YES;
				CLANG_WARN_UNGUARDED_AVAILABILITY = YES_AGGRESSIVE;
				CLANG_WARN_UNREACHABLE_CODE = YES;
				CLANG_WARN__DUPLICATE_METHOD_MATCH = YES;
				CODE_SIGN_IDENTITY = "-";
				COPY_PHASE_STRIP = NO;
				DEBUG_INFORMATION_FORMAT = dwarf;
				ENABLE_STRICT_OBJC_MSGSEND = YES;
				ENABLE_TESTABILITY = YES;
				GCC_C_LANGUAGE_STANDARD = gnu11;
				GCC_DYNAMIC_NO_PIC = NO;
				GCC_NO_COMMON_BLOCKS = YES;
				GCC_OPTIMIZATION_LEVEL = 0;
				GCC_PREPROCESSOR_DEFINITIONS = (
					"DEBUG=1",
					"$(inherited)",
				);
				GCC_WARN_64_TO_32_BIT_CONVERSION = YES;
				GCC_WARN_ABOUT_RETURN_TYPE = YES_ERROR;
				GCC_WARN_UNDECLARED_SELECTOR = YES;
				GCC_WARN_UNINITIALIZED_AUTOS = YES_AGGRESSIVE;
				GCC_WARN_UNUSED_FUNCTION = YES;
				GCC_WARN_UNUSED_VARIABLE = YES;
				MACOSX_DEPLOYMENT_TARGET = 10.12;
				MTL_ENABLE_DEBUG_INFO = YES;
				ONLY_ACTIVE_ARCH = YES;
				SDKROOT = macosx;
			};
			name = Debug;
		};
		143B37BF207B7D0B00A682A5 /* Release */ = {
			isa = XCBuildConfiguration;
			buildSettings = {
				ALWAYS_SEARCH_USER_PATHS = NO;
				CLANG_ANALYZER_NONNULL = YES;
				CLANG_ANALYZER_NUMBER_OBJECT_CONVERSION = YES_AGGRESSIVE;
				CLANG_CXX_LANGUAGE_STANDARD = "gnu++14";
				CLANG_CXX_LIBRARY = "libc++";
				CLANG_ENABLE_MODULES = YES;
				CLANG_ENABLE_OBJC_ARC = YES;
				CLANG_WARN_BLOCK_CAPTURE_AUTORELEASING = YES;
				CLANG_WARN_BOOL_CONVERSION = YES;
				CLANG_WARN_COMMA = YES;
				CLANG_WARN_CONSTANT_CONVERSION = YES;
				CLANG_WARN_DIRECT_OBJC_ISA_USAGE = YES_ERROR;
				CLANG_WARN_DOCUMENTATION_COMMENTS = YES;
				CLANG_WARN_EMPTY_BODY = YES;
				CLANG_WARN_ENUM_CONVERSION = YES;
				CLANG_WARN_INFINITE_RECURSION = YES;
				CLANG_WARN_INT_CONVERSION = YES;
				CLANG_WARN_NON_LITERAL_NULL_CONVERSION = YES;
				CLANG_WARN_OBJC_LITERAL_CONVERSION = YES;
				CLANG_WARN_OBJC_ROOT_CLASS = YES_ERROR;
				CLANG_WARN_RANGE_LOOP_ANALYSIS = YES;
				CLANG_WARN_STRICT_PROTOTYPES = YES;
				CLANG_WARN_SUSPICIOUS_MOVE = YES;
				CLANG_WARN_UNGUARDED_AVAILABILITY = YES_AGGRESSIVE;
				CLANG_WARN_UNREACHABLE_CODE = YES;
				CLANG_WARN__DUPLICATE_METHOD_MATCH = YES;
				CODE_SIGN_IDENTITY = "-";
				COPY_PHASE_STRIP = NO;
				DEBUG_INFORMATION_FORMAT = "dwarf-with-dsym";
				ENABLE_NS_ASSERTIONS = NO;
				ENABLE_STRICT_OBJC_MSGSEND = YES;
				GCC_C_LANGUAGE_STANDARD = gnu11;
				GCC_NO_COMMON_BLOCKS = YES;
				GCC_WARN_64_TO_32_BIT_CONVERSION = YES;
				GCC_WARN_ABOUT_RETURN_TYPE = YES_ERROR;
				GCC_WARN_UNDECLARED_SELECTOR = YES;
				GCC_WARN_UNINITIALIZED_AUTOS = YES_AGGRESSIVE;
				GCC_WARN_UNUSED_FUNCTION = YES;
				GCC_WARN_UNUSED_VARIABLE = YES;
				MACOSX_DEPLOYMENT_TARGET = 10.12;
				MTL_ENABLE_DEBUG_INFO = NO;
				SDKROOT = macosx;
			};
			name = Release;
		};
		143B37C1207B7D0B00A682A5 /* Debug */ = {
			isa = XCBuildConfiguration;
			buildSettings = {
				CODE_SIGN_STYLE = Automatic;
				PRODUCT_NAME = "$(TARGET_NAME)";
			};
			name = Debug;
		};
		143B37C2207B7D0B00A682A5 /* Release */ = {
			isa = XCBuildConfiguration;
			buildSettings = {
				CODE_SIGN_STYLE = Automatic;
				PRODUCT_NAME = "$(TARGET_NAME)";
			};
			name = Release;
		};
		143B37CC207B7D3100A682A5 /* Debug */ = {
			isa = XCBuildConfiguration;
			buildSettings = {
				CODE_SIGN_STYLE = Automatic;
				PRODUCT_NAME = "$(TARGET_NAME)";
			};
			name = Debug;
		};
		143B37CD207B7D3100A682A5 /* Release */ = {
			isa = XCBuildConfiguration;
			buildSettings = {
				CODE_SIGN_STYLE = Automatic;
				PRODUCT_NAME = "$(TARGET_NAME)";
			};
			name = Release;
		};
		143B37D7207B836A00A682A5 /* Debug */ = {
			isa = XCBuildConfiguration;
			buildSettings = {
				CODE_SIGN_STYLE = Automatic;
				PRODUCT_NAME = "$(TARGET_NAME)";
			};
			name = Debug;
		};
		143B37D8207B836A00A682A5 /* Release */ = {
			isa = XCBuildConfiguration;
			buildSettings = {
				CODE_SIGN_STYLE = Automatic;
				PRODUCT_NAME = "$(TARGET_NAME)";
			};
			name = Release;
		};
		143B37E2207B892400A682A5 /* Debug */ = {
			isa = XCBuildConfiguration;
			buildSettings = {
				CODE_SIGN_STYLE = Automatic;
				PRODUCT_NAME = "$(TARGET_NAME)";
			};
			name = Debug;
		};
		143B37E3207B892400A682A5 /* Release */ = {
			isa = XCBuildConfiguration;
			buildSettings = {
				CODE_SIGN_STYLE = Automatic;
				PRODUCT_NAME = "$(TARGET_NAME)";
			};
			name = Release;
		};
		143B37EC207C8D6800A682A5 /* Debug */ = {
			isa = XCBuildConfiguration;
			buildSettings = {
				CODE_SIGN_STYLE = Automatic;
				PRODUCT_NAME = "$(TARGET_NAME)";
			};
			name = Debug;
		};
		143B37ED207C8D6800A682A5 /* Release */ = {
			isa = XCBuildConfiguration;
			buildSettings = {
				CODE_SIGN_STYLE = Automatic;
				PRODUCT_NAME = "$(TARGET_NAME)";
			};
			name = Release;
		};
		143B37F8207CCEBC00A682A5 /* Debug */ = {
			isa = XCBuildConfiguration;
			buildSettings = {
				CODE_SIGN_STYLE = Automatic;
				PRODUCT_NAME = "$(TARGET_NAME)";
			};
			name = Debug;
		};
		143B37F9207CCEBC00A682A5 /* Release */ = {
			isa = XCBuildConfiguration;
			buildSettings = {
				CODE_SIGN_STYLE = Automatic;
				PRODUCT_NAME = "$(TARGET_NAME)";
			};
			name = Release;
		};
/* End XCBuildConfiguration section */

/* Begin XCConfigurationList section */
		143B37B4207B7D0B00A682A5 /* Build configuration list for PBXProject "ACM" */ = {
			isa = XCConfigurationList;
			buildConfigurations = (
				143B37BE207B7D0B00A682A5 /* Debug */,
				143B37BF207B7D0B00A682A5 /* Release */,
			);
			defaultConfigurationIsVisible = 0;
			defaultConfigurationName = Release;
		};
		143B37C0207B7D0B00A682A5 /* Build configuration list for PBXNativeTarget "ACM" */ = {
			isa = XCConfigurationList;
			buildConfigurations = (
				143B37C1207B7D0B00A682A5 /* Debug */,
				143B37C2207B7D0B00A682A5 /* Release */,
			);
			defaultConfigurationIsVisible = 0;
			defaultConfigurationName = Release;
		};
		143B37CB207B7D3100A682A5 /* Build configuration list for PBXNativeTarget "1000" */ = {
			isa = XCConfigurationList;
			buildConfigurations = (
				143B37CC207B7D3100A682A5 /* Debug */,
				143B37CD207B7D3100A682A5 /* Release */,
			);
			defaultConfigurationIsVisible = 0;
			defaultConfigurationName = Release;
		};
		143B37D6207B836A00A682A5 /* Build configuration list for PBXNativeTarget "1001" */ = {
			isa = XCConfigurationList;
			buildConfigurations = (
				143B37D7207B836A00A682A5 /* Debug */,
				143B37D8207B836A00A682A5 /* Release */,
			);
			defaultConfigurationIsVisible = 0;
			defaultConfigurationName = Release;
		};
		143B37E1207B892400A682A5 /* Build configuration list for PBXNativeTarget "1002" */ = {
			isa = XCConfigurationList;
			buildConfigurations = (
				143B37E2207B892400A682A5 /* Debug */,
				143B37E3207B892400A682A5 /* Release */,
			);
			defaultConfigurationIsVisible = 0;
			defaultConfigurationName = Release;
		};
		143B37EE207C8D6800A682A5 /* Build configuration list for PBXNativeTarget "1003" */ = {
			isa = XCConfigurationList;
			buildConfigurations = (
				143B37EC207C8D6800A682A5 /* Debug */,
				143B37ED207C8D6800A682A5 /* Release */,
			);
			defaultConfigurationIsVisible = 0;
			defaultConfigurationName = Release;
		};
		143B37F7207CCEBC00A682A5 /* Build configuration list for PBXNativeTarget "1004" */ = {
			isa = XCConfigurationList;
			buildConfigurations = (
				143B37F8207CCEBC00A682A5 /* Debug */,
				143B37F9207CCEBC00A682A5 /* Release */,
			);
			defaultConfigurationIsVisible = 0;
			defaultConfigurationName = Release;
		};
/* End XCConfigurationList section */
	};
	rootObject = 143B37B1207B7D0B00A682A5 /* Project object */;
}
